PODS:
  - ActionSheetPicker-3.0 (2.3.0)
  - Bugly (2.5.0)
  - ESPictureBrowser (0.4.4):
    - YYWebImage (~> 1.0.5)
  - GTSDK (2.3.0.0)
  - YYCache (1.0.4)
  - YYImage (1.0.4):
    - YYImage/Core (= 1.0.4)
  - YYImage/Core (1.0.4)
  - YYWebImage (1.0.5):
    - YYCache
    - YYImage
  - ZT_IM_SDK (1.1.1):
    - ZT_IM_SDK/SDKKit (= 1.1.1)
    - ZT_IM_SDK/SDKLib (= 1.1.1)
  - ZT_IM_SDK/SDKKit (1.1.1):
    - ESPictureBrowser
    - YYWebImage
    - ZT_IM_SDK/SDKLib
  - ZT_IM_SDK/SDKLib (1.1.1)

DEPENDENCIES:
  - ActionSheetPicker-3.0
  - Bugly
  - GTSDK
  - ZT_IM_SDK (from `../`)

SPEC REPOS:
  https://github.com/cocoapods/specs.git:
    - ActionSheetPicker-3.0
    - Bugly
    - ESPictureBrowser
    - GTSDK
    - YYCache
    - YYImage
    - YYWebImage

EXTERNAL SOURCES:
  ZT_IM_SDK:
    :path: "../"

SPEC CHECKSUMS:
  ActionSheetPicker-3.0: eef157d75e151f255c5333d26656c7fbfe905a51
  Bugly: 3ca9f255c01025582df26f9222893b383c7e4b4e
  ESPictureBrowser: 2e9bb9dd2fc3c26a42d535e06df49981c5a8a2e2
  GTSDK: 16f570807190eca9846653886a1f399cb0485061
  YYCache: 8105b6638f5e849296c71f331ff83891a4942952
  YYImage: 1e1b62a9997399593e4b9c4ecfbbabbf1d3f3b54
  YYWebImage: 5f7f36aee2ae293f016d418c7d6ba05c4863e928
  ZT_IM_SDK: 0b1b3e29009c2f2baa8735b40e1121d7ee969fb8

PODFILE CHECKSUM: ff38084021ee831e4102cacc378a2703e5be6caf

COCOAPODS: 1.5.3
